github.com/cydev/zero v0.0.0-20160322155811-4a4535dd56e7 h1:OQoU2eJO+adwX0gBaIede9S+aL6aQU/0aKwktWKyl8s=
github.com/cydev/zero v0.0.0-20160322155811-4a4535dd56e7/go.mod h1:XGbwUcTsr1d7ezSp77rqp7aaYHlX+01wCaIFUNMRY6g=
github.com/golang-jwt/jwt/v5 v5.3.1 h1:kYf81DTWFe7t+1VvL7eS+jKFVWaUnK9cB1qbwn63YCY=
github.com/golang-jwt/jwt/v5 v5.3.1/go.mod h1:fxCRLWMO43lRc8nhHWY6LGqRcf+1gQWArsqaEUEa5bE=
github.com/omniboost/go-httperr v0.0.0-20251103155253-030b17131c87 h1:UMRh/ZStOFdJSms/4CPeZviorsXkim6ah4mhg4Qy/oI=
github.com/omniboost/go-httperr v0.0.0-20251103155253-030b17131c87/go.mod h1:bNUUT49+LfJKtycbydasPm8Rd/vP8WfTgUVYEvE4vhI=
github.com/omniboost/oauth-jwtassertion v0.0.0-20260305145153-971d0bf7341a h1:3bTDWSaCkl01Cr4BBxpjds/DmErrUkZyXQdoDytiZWU=
github.com/omniboost/oauth-jwtassertion v0.0.0-20260305145153-971d0bf7341a/go.mod h1:W1Sx4Q9YiRXyy7SJZY07NAlG+ndE2ZvydNeMVyBBd1E=
github.com/omniboost/schema v1.1.1-0.20191030093734-a170fe1a7240 h1:+yAcEWiT5FCKmD9HmerCkxSXRO/9uVQ88gQwvJbt6LA=
github.com/omniboost/schema v1.1.1-0.20191030093734-a170fe1a7240/go.mod h1:9fjiXyATsFBndd1ZtrF4KJOs/VwBFmhX4N9yblkz+Jg=
github.com/pkg/errors v0.9.1 h1:FEBLx1zS214owpjy7qsBeixbURkuhQAwrK5UwLGTwt4=
github.com/pkg/errors v0.9.1/go.mod h1:bwawxfHBFNV+L2hUp1rHADufV3IMtnDRdf1r5NINEl0=
gitlab.com/tozd/go/errors v0.11.1 h1:xMPBH+ecV0+8q60QtAGZ1E62FMuOOwpMP0hD4JZfjVo=
gitlab.com/tozd/go/errors v0.11.1/go.mod h1:9oQ31+x7iUOEVsrXLDR+iMD8794G5uqLp6eEnYtvD8M=
golang.org/x/oauth2 v0.35.0 h1:Mv2mzuHuZuY2+bkyWXIHMfhNdJAdwW3FuWeCPYN5GVQ=
golang.org/x/oauth2 v0.35.0/go.mod h1:lzm5WQJQwKZ3nwavOZ3IS5Aulzxi68dUSgRHujetwEA=
gopkg.in/guregu/null.v3 v3.5.0 h1:xTcasT8ETfMcUHn0zTvIYtQud/9Mx5dJqD554SZct0o=
gopkg.in/guregu/null.v3 v3.5.0/go.mod h1:E4tX2Qe3h7QdL+uZ3a0vqvYwKQsRSQKM5V4YltdgH9Y=
